
Microsoft Visual Studio Solution File, Format Version 12.00
# Visual Studio Version 16
VisualStudioVersion = 16.0.29613.14
MinimumVisualStudioVersion = 10.0.40219.1
Project("{FAE04EC0-301F-11D3-BF4B-00C04F79EFBC}") = "DataMapping", "DataMapping\DataMapping.csproj", "{0C2D5AA8-AD08-4ADF-8EDC-45547EF912B0}"
EndProject
Project("{FAE04EC0-301F-11D3-BF4B-00C04F79EFBC}") = "EnsureRisk", "EnsureRisk\EnsureRisk.csproj", "{99934FA7-B662-4138-9A78-3930888DF3E0}"
EndProject
Project("{FAE04EC0-301F-11D3-BF4B-00C04F79EFBC}") = "EnsureBusinesss", "EnsureBusinesss\EnsureBusinesss.csproj", "{DEC79FD2-E1E8-4E4D-90ED-D44910F4A79B}"
EndProject
Project("{FAE04EC0-301F-11D3-BF4B-00C04F79EFBC}") = "ERDA", "ERDA\ERDA.csproj", "{15AE7B20-9C1D-41FA-B2C7-6C181A09B6E1}"
EndProject
Project("{FAE04EC0-301F-11D3-BF4B-00C04F79EFBC}") = "EnsureRiskWS", "EnsureRiskWS\EnsureRiskWS.csproj", "{1AE989BE-D604-48ED-B440-2AC27E221C28}"
EndProject
Project("{2150E333-8FDC-42A3-9474-1A3956D46DE8}") = "Solution Items", "Solution Items", "{27B3DEEC-2302-4012-BEDD-11A9CB4FBB3F}"
	ProjectSection(SolutionItems) = preProject
		.editorconfig = .editorconfig
	EndProjectSection
EndProject
Project("{FAE04EC0-301F-11D3-BF4B-00C04F79EFBC}") = "Xceed.Wpf.AvalonDock", "Xceed.Wpf.AvalonDock\Xceed.Wpf.AvalonDock.csproj", "{DB81988F-E0F2-45A0-A1FD-8C37F3D35244}"
EndProject
Global
	GlobalSection(SolutionConfigurationPlatforms) = preSolution
		Debug|Any CPU = Debug|Any CPU
		Debug|ARM = Debug|ARM
		Debug|x64 = Debug|x64
		Debug|x86 = Debug|x86
		DebuguearCaracteristicasRelease|Any CPU = DebuguearCaracteristicasRelease|Any CPU
		DebuguearCaracteristicasRelease|ARM = DebuguearCaracteristicasRelease|ARM
		DebuguearCaracteristicasRelease|x64 = DebuguearCaracteristicasRelease|x64
		DebuguearCaracteristicasRelease|x86 = DebuguearCaracteristicasRelease|x86
		Release|Any CPU = Release|Any CPU
		Release|ARM = Release|ARM
		Release|x64 = Release|x64
		Release|x86 = Release|x86
		SoloCliente|Any CPU = SoloCliente|Any CPU
		SoloCliente|ARM = SoloCliente|ARM
		SoloCliente|x64 = SoloCliente|x64
		SoloCliente|x86 = SoloCliente|x86
		SoloWSPresupuesto|Any CPU = SoloWSPresupuesto|Any CPU
		SoloWSPresupuesto|ARM = SoloWSPresupuesto|ARM
		SoloWSPresupuesto|x64 = SoloWSPresupuesto|x64
		SoloWSPresupuesto|x86 = SoloWSPresupuesto|x86
		SoloWSTesoreria|Any CPU = SoloWSTesoreria|Any CPU
		SoloWSTesoreria|ARM = SoloWSTesoreria|ARM
		SoloWSTesoreria|x64 = SoloWSTesoreria|x64
		SoloWSTesoreria|x86 = SoloWSTesoreria|x86
	EndGlobalSection
	GlobalSection(ProjectConfigurationPlatforms) = postSolution
		{0C2D5AA8-AD08-4ADF-8EDC-45547EF912B0}.Debug|Any CPU.ActiveCfg = Debug|Any CPU
		{0C2D5AA8-AD08-4ADF-8EDC-45547EF912B0}.Debug|Any CPU.Build.0 = Debug|Any CPU
		{0C2D5AA8-AD08-4ADF-8EDC-45547EF912B0}.Debug|ARM.ActiveCfg = Debug|Any CPU
		{0C2D5AA8-AD08-4ADF-8EDC-45547EF912B0}.Debug|ARM.Build.0 = Debug|Any CPU
		{0C2D5AA8-AD08-4ADF-8EDC-45547EF912B0}.Debug|x64.ActiveCfg = Debug|Any CPU
		{0C2D5AA8-AD08-4ADF-8EDC-45547EF912B0}.Debug|x64.Build.0 = Debug|Any CPU
		{0C2D5AA8-AD08-4ADF-8EDC-45547EF912B0}.Debug|x86.ActiveCfg = Debug|Any CPU
		{0C2D5AA8-AD08-4ADF-8EDC-45547EF912B0}.Debug|x86.Build.0 = Debug|Any CPU
		{0C2D5AA8-AD08-4ADF-8EDC-45547EF912B0}.DebuguearCaracteristicasRelease|Any CPU.ActiveCfg = Release|Any CPU
		{0C2D5AA8-AD08-4ADF-8EDC-45547EF912B0}.DebuguearCaracteristicasRelease|Any CPU.Build.0 = Release|Any CPU
		{0C2D5AA8-AD08-4ADF-8EDC-45547EF912B0}.DebuguearCaracteristicasRelease|ARM.ActiveCfg = Release|Any CPU
		{0C2D5AA8-AD08-4ADF-8EDC-45547EF912B0}.DebuguearCaracteristicasRelease|ARM.Build.0 = Release|Any CPU
		{0C2D5AA8-AD08-4ADF-8EDC-45547EF912B0}.DebuguearCaracteristicasRelease|x64.ActiveCfg = Release|Any CPU
		{0C2D5AA8-AD08-4ADF-8EDC-45547EF912B0}.DebuguearCaracteristicasRelease|x64.Build.0 = Release|Any CPU
		{0C2D5AA8-AD08-4ADF-8EDC-45547EF912B0}.DebuguearCaracteristicasRelease|x86.ActiveCfg = Release|Any CPU
		{0C2D5AA8-AD08-4ADF-8EDC-45547EF912B0}.DebuguearCaracteristicasRelease|x86.Build.0 = Release|Any CPU
		{0C2D5AA8-AD08-4ADF-8EDC-45547EF912B0}.Release|Any CPU.ActiveCfg = Release|Any CPU
		{0C2D5AA8-AD08-4ADF-8EDC-45547EF912B0}.Release|Any CPU.Build.0 = Release|Any CPU
		{0C2D5AA8-AD08-4ADF-8EDC-45547EF912B0}.Release|ARM.ActiveCfg = Release|Any CPU
		{0C2D5AA8-AD08-4ADF-8EDC-45547EF912B0}.Release|ARM.Build.0 = Release|Any CPU
		{0C2D5AA8-AD08-4ADF-8EDC-45547EF912B0}.Release|x64.ActiveCfg = Release|Any CPU
		{0C2D5AA8-AD08-4ADF-8EDC-45547EF912B0}.Release|x64.Build.0 = Release|Any CPU
		{0C2D5AA8-AD08-4ADF-8EDC-45547EF912B0}.Release|x86.ActiveCfg = Release|Any CPU
		{0C2D5AA8-AD08-4ADF-8EDC-45547EF912B0}.Release|x86.Build.0 = Release|Any CPU
		{0C2D5AA8-AD08-4ADF-8EDC-45547EF912B0}.SoloCliente|Any CPU.ActiveCfg = Release|Any CPU
		{0C2D5AA8-AD08-4ADF-8EDC-45547EF912B0}.SoloCliente|Any CPU.Build.0 = Release|Any CPU
		{0C2D5AA8-AD08-4ADF-8EDC-45547EF912B0}.SoloCliente|ARM.ActiveCfg = Release|Any CPU
		{0C2D5AA8-AD08-4ADF-8EDC-45547EF912B0}.SoloCliente|ARM.Build.0 = Release|Any CPU
		{0C2D5AA8-AD08-4ADF-8EDC-45547EF912B0}.SoloCliente|x64.ActiveCfg = Release|Any CPU
		{0C2D5AA8-AD08-4ADF-8EDC-45547EF912B0}.SoloCliente|x64.Build.0 = Release|Any CPU
		{0C2D5AA8-AD08-4ADF-8EDC-45547EF912B0}.SoloCliente|x86.ActiveCfg = Release|Any CPU
		{0C2D5AA8-AD08-4ADF-8EDC-45547EF912B0}.SoloCliente|x86.Build.0 = Release|Any CPU
		{0C2D5AA8-AD08-4ADF-8EDC-45547EF912B0}.SoloWSPresupuesto|Any CPU.ActiveCfg = Release|Any CPU
		{0C2D5AA8-AD08-4ADF-8EDC-45547EF912B0}.SoloWSPresupuesto|Any CPU.Build.0 = Release|Any CPU
		{0C2D5AA8-AD08-4ADF-8EDC-45547EF912B0}.SoloWSPresupuesto|ARM.ActiveCfg = Release|Any CPU
		{0C2D5AA8-AD08-4ADF-8EDC-45547EF912B0}.SoloWSPresupuesto|ARM.Build.0 = Release|Any CPU
		{0C2D5AA8-AD08-4ADF-8EDC-45547EF912B0}.SoloWSPresupuesto|x64.ActiveCfg = Release|Any CPU
		{0C2D5AA8-AD08-4ADF-8EDC-45547EF912B0}.SoloWSPresupuesto|x64.Build.0 = Release|Any CPU
		{0C2D5AA8-AD08-4ADF-8EDC-45547EF912B0}.SoloWSPresupuesto|x86.ActiveCfg = Release|Any CPU
		{0C2D5AA8-AD08-4ADF-8EDC-45547EF912B0}.SoloWSPresupuesto|x86.Build.0 = Release|Any CPU
		{0C2D5AA8-AD08-4ADF-8EDC-45547EF912B0}.SoloWSTesoreria|Any CPU.ActiveCfg = Release|Any CPU
		{0C2D5AA8-AD08-4ADF-8EDC-45547EF912B0}.SoloWSTesoreria|Any CPU.Build.0 = Release|Any CPU
		{0C2D5AA8-AD08-4ADF-8EDC-45547EF912B0}.SoloWSTesoreria|ARM.ActiveCfg = Release|Any CPU
		{0C2D5AA8-AD08-4ADF-8EDC-45547EF912B0}.SoloWSTesoreria|ARM.Build.0 = Release|Any CPU
		{0C2D5AA8-AD08-4ADF-8EDC-45547EF912B0}.SoloWSTesoreria|x64.ActiveCfg = Release|Any CPU
		{0C2D5AA8-AD08-4ADF-8EDC-45547EF912B0}.SoloWSTesoreria|x64.Build.0 = Release|Any CPU
		{0C2D5AA8-AD08-4ADF-8EDC-45547EF912B0}.SoloWSTesoreria|x86.ActiveCfg = Release|Any CPU
		{0C2D5AA8-AD08-4ADF-8EDC-45547EF912B0}.SoloWSTesoreria|x86.Build.0 = Release|Any CPU
		{99934FA7-B662-4138-9A78-3930888DF3E0}.Debug|Any CPU.ActiveCfg = Debug|Any CPU
		{99934FA7-B662-4138-9A78-3930888DF3E0}.Debug|Any CPU.Build.0 = Debug|Any CPU
		{99934FA7-B662-4138-9A78-3930888DF3E0}.Debug|ARM.ActiveCfg = Debug|Any CPU
		{99934FA7-B662-4138-9A78-3930888DF3E0}.Debug|ARM.Build.0 = Debug|Any CPU
		{99934FA7-B662-4138-9A78-3930888DF3E0}.Debug|x64.ActiveCfg = Debug|Any CPU
		{99934FA7-B662-4138-9A78-3930888DF3E0}.Debug|x64.Build.0 = Debug|Any CPU
		{99934FA7-B662-4138-9A78-3930888DF3E0}.Debug|x86.ActiveCfg = Debug|Any CPU
		{99934FA7-B662-4138-9A78-3930888DF3E0}.Debug|x86.Build.0 = Debug|Any CPU
		{99934FA7-B662-4138-9A78-3930888DF3E0}.DebuguearCaracteristicasRelease|Any CPU.ActiveCfg = Release|Any CPU
		{99934FA7-B662-4138-9A78-3930888DF3E0}.DebuguearCaracteristicasRelease|Any CPU.Build.0 = Release|Any CPU
		{99934FA7-B662-4138-9A78-3930888DF3E0}.DebuguearCaracteristicasRelease|ARM.ActiveCfg = Release|Any CPU
		{99934FA7-B662-4138-9A78-3930888DF3E0}.DebuguearCaracteristicasRelease|ARM.Build.0 = Release|Any CPU
		{99934FA7-B662-4138-9A78-3930888DF3E0}.DebuguearCaracteristicasRelease|x64.ActiveCfg = Release|Any CPU
		{99934FA7-B662-4138-9A78-3930888DF3E0}.DebuguearCaracteristicasRelease|x64.Build.0 = Release|Any CPU
		{99934FA7-B662-4138-9A78-3930888DF3E0}.DebuguearCaracteristicasRelease|x86.ActiveCfg = Release|Any CPU
		{99934FA7-B662-4138-9A78-3930888DF3E0}.DebuguearCaracteristicasRelease|x86.Build.0 = Release|Any CPU
		{99934FA7-B662-4138-9A78-3930888DF3E0}.Release|Any CPU.ActiveCfg = Release|Any CPU
		{99934FA7-B662-4138-9A78-3930888DF3E0}.Release|Any CPU.Build.0 = Release|Any CPU
		{99934FA7-B662-4138-9A78-3930888DF3E0}.Release|ARM.ActiveCfg = Release|Any CPU
		{99934FA7-B662-4138-9A78-3930888DF3E0}.Release|ARM.Build.0 = Release|Any CPU
		{99934FA7-B662-4138-9A78-3930888DF3E0}.Release|x64.ActiveCfg = Release|Any CPU
		{99934FA7-B662-4138-9A78-3930888DF3E0}.Release|x64.Build.0 = Release|Any CPU
		{99934FA7-B662-4138-9A78-3930888DF3E0}.Release|x86.ActiveCfg = Release|Any CPU
		{99934FA7-B662-4138-9A78-3930888DF3E0}.Release|x86.Build.0 = Release|Any CPU
		{99934FA7-B662-4138-9A78-3930888DF3E0}.SoloCliente|Any CPU.ActiveCfg = Release|Any CPU
		{99934FA7-B662-4138-9A78-3930888DF3E0}.SoloCliente|Any CPU.Build.0 = Release|Any CPU
		{99934FA7-B662-4138-9A78-3930888DF3E0}.SoloCliente|ARM.ActiveCfg = Release|Any CPU
		{99934FA7-B662-4138-9A78-3930888DF3E0}.SoloCliente|ARM.Build.0 = Release|Any CPU
		{99934FA7-B662-4138-9A78-3930888DF3E0}.SoloCliente|x64.ActiveCfg = Release|Any CPU
		{99934FA7-B662-4138-9A78-3930888DF3E0}.SoloCliente|x64.Build.0 = Release|Any CPU
		{99934FA7-B662-4138-9A78-3930888DF3E0}.SoloCliente|x86.ActiveCfg = Release|Any CPU
		{99934FA7-B662-4138-9A78-3930888DF3E0}.SoloCliente|x86.Build.0 = Release|Any CPU
		{99934FA7-B662-4138-9A78-3930888DF3E0}.SoloWSPresupuesto|Any CPU.ActiveCfg = Release|Any CPU
		{99934FA7-B662-4138-9A78-3930888DF3E0}.SoloWSPresupuesto|Any CPU.Build.0 = Release|Any CPU
		{99934FA7-B662-4138-9A78-3930888DF3E0}.SoloWSPresupuesto|ARM.ActiveCfg = Release|Any CPU
		{99934FA7-B662-4138-9A78-3930888DF3E0}.SoloWSPresupuesto|ARM.Build.0 = Release|Any CPU
		{99934FA7-B662-4138-9A78-3930888DF3E0}.SoloWSPresupuesto|x64.ActiveCfg = Release|Any CPU
		{99934FA7-B662-4138-9A78-3930888DF3E0}.SoloWSPresupuesto|x64.Build.0 = Release|Any CPU
		{99934FA7-B662-4138-9A78-3930888DF3E0}.SoloWSPresupuesto|x86.ActiveCfg = Release|Any CPU
		{99934FA7-B662-4138-9A78-3930888DF3E0}.SoloWSPresupuesto|x86.Build.0 = Release|Any CPU
		{99934FA7-B662-4138-9A78-3930888DF3E0}.SoloWSTesoreria|Any CPU.ActiveCfg = Release|Any CPU
		{99934FA7-B662-4138-9A78-3930888DF3E0}.SoloWSTesoreria|Any CPU.Build.0 = Release|Any CPU
		{99934FA7-B662-4138-9A78-3930888DF3E0}.SoloWSTesoreria|ARM.ActiveCfg = Release|Any CPU
		{99934FA7-B662-4138-9A78-3930888DF3E0}.SoloWSTesoreria|ARM.Build.0 = Release|Any CPU
		{99934FA7-B662-4138-9A78-3930888DF3E0}.SoloWSTesoreria|x64.ActiveCfg = Release|Any CPU
		{99934FA7-B662-4138-9A78-3930888DF3E0}.SoloWSTesoreria|x64.Build.0 = Release|Any CPU
		{99934FA7-B662-4138-9A78-3930888DF3E0}.SoloWSTesoreria|x86.ActiveCfg = Release|Any CPU
		{99934FA7-B662-4138-9A78-3930888DF3E0}.SoloWSTesoreria|x86.Build.0 = Release|Any CPU
		{DEC79FD2-E1E8-4E4D-90ED-D44910F4A79B}.Debug|Any CPU.ActiveCfg = Debug|Any CPU
		{DEC79FD2-E1E8-4E4D-90ED-D44910F4A79B}.Debug|Any CPU.Build.0 = Debug|Any CPU
		{DEC79FD2-E1E8-4E4D-90ED-D44910F4A79B}.Debug|ARM.ActiveCfg = Debug|Any CPU
		{DEC79FD2-E1E8-4E4D-90ED-D44910F4A79B}.Debug|ARM.Build.0 = Debug|Any CPU
		{DEC79FD2-E1E8-4E4D-90ED-D44910F4A79B}.Debug|x64.ActiveCfg = Debug|Any CPU
		{DEC79FD2-E1E8-4E4D-90ED-D44910F4A79B}.Debug|x64.Build.0 = Debug|Any CPU
		{DEC79FD2-E1E8-4E4D-90ED-D44910F4A79B}.Debug|x86.ActiveCfg = Debug|Any CPU
		{DEC79FD2-E1E8-4E4D-90ED-D44910F4A79B}.Debug|x86.Build.0 = Debug|Any CPU
		{DEC79FD2-E1E8-4E4D-90ED-D44910F4A79B}.DebuguearCaracteristicasRelease|Any CPU.ActiveCfg = Release|Any CPU
		{DEC79FD2-E1E8-4E4D-90ED-D44910F4A79B}.DebuguearCaracteristicasRelease|Any CPU.Build.0 = Release|Any CPU
		{DEC79FD2-E1E8-4E4D-90ED-D44910F4A79B}.DebuguearCaracteristicasRelease|ARM.ActiveCfg = Release|Any CPU
		{DEC79FD2-E1E8-4E4D-90ED-D44910F4A79B}.DebuguearCaracteristicasRelease|ARM.Build.0 = Release|Any CPU
		{DEC79FD2-E1E8-4E4D-90ED-D44910F4A79B}.DebuguearCaracteristicasRelease|x64.ActiveCfg = Release|Any CPU
		{DEC79FD2-E1E8-4E4D-90ED-D44910F4A79B}.DebuguearCaracteristicasRelease|x64.Build.0 = Release|Any CPU
		{DEC79FD2-E1E8-4E4D-90ED-D44910F4A79B}.DebuguearCaracteristicasRelease|x86.ActiveCfg = Release|Any CPU
		{DEC79FD2-E1E8-4E4D-90ED-D44910F4A79B}.DebuguearCaracteristicasRelease|x86.Build.0 = Release|Any CPU
		{DEC79FD2-E1E8-4E4D-90ED-D44910F4A79B}.Release|Any CPU.ActiveCfg = Release|Any CPU
		{DEC79FD2-E1E8-4E4D-90ED-D44910F4A79B}.Release|Any CPU.Build.0 = Release|Any CPU
		{DEC79FD2-E1E8-4E4D-90ED-D44910F4A79B}.Release|ARM.ActiveCfg = Release|Any CPU
		{DEC79FD2-E1E8-4E4D-90ED-D44910F4A79B}.Release|ARM.Build.0 = Release|Any CPU
		{DEC79FD2-E1E8-4E4D-90ED-D44910F4A79B}.Release|x64.ActiveCfg = Release|Any CPU
		{DEC79FD2-E1E8-4E4D-90ED-D44910F4A79B}.Release|x64.Build.0 = Release|Any CPU
		{DEC79FD2-E1E8-4E4D-90ED-D44910F4A79B}.Release|x86.ActiveCfg = Release|Any CPU
		{DEC79FD2-E1E8-4E4D-90ED-D44910F4A79B}.Release|x86.Build.0 = Release|Any CPU
		{DEC79FD2-E1E8-4E4D-90ED-D44910F4A79B}.SoloCliente|Any CPU.ActiveCfg = Release|Any CPU
		{DEC79FD2-E1E8-4E4D-90ED-D44910F4A79B}.SoloCliente|Any CPU.Build.0 = Release|Any CPU
		{DEC79FD2-E1E8-4E4D-90ED-D44910F4A79B}.SoloCliente|ARM.ActiveCfg = Release|Any CPU
		{DEC79FD2-E1E8-4E4D-90ED-D44910F4A79B}.SoloCliente|ARM.Build.0 = Release|Any CPU
		{DEC79FD2-E1E8-4E4D-90ED-D44910F4A79B}.SoloCliente|x64.ActiveCfg = Release|Any CPU
		{DEC79FD2-E1E8-4E4D-90ED-D44910F4A79B}.SoloCliente|x64.Build.0 = Release|Any CPU
		{DEC79FD2-E1E8-4E4D-90ED-D44910F4A79B}.SoloCliente|x86.ActiveCfg = Release|Any CPU
		{DEC79FD2-E1E8-4E4D-90ED-D44910F4A79B}.SoloCliente|x86.Build.0 = Release|Any CPU
		{DEC79FD2-E1E8-4E4D-90ED-D44910F4A79B}.SoloWSPresupuesto|Any CPU.ActiveCfg = Release|Any CPU
		{DEC79FD2-E1E8-4E4D-90ED-D44910F4A79B}.SoloWSPresupuesto|Any CPU.Build.0 = Release|Any CPU
		{DEC79FD2-E1E8-4E4D-90ED-D44910F4A79B}.SoloWSPresupuesto|ARM.ActiveCfg = Release|Any CPU
		{DEC79FD2-E1E8-4E4D-90ED-D44910F4A79B}.SoloWSPresupuesto|ARM.Build.0 = Release|Any CPU
		{DEC79FD2-E1E8-4E4D-90ED-D44910F4A79B}.SoloWSPresupuesto|x64.ActiveCfg = Release|Any CPU
		{DEC79FD2-E1E8-4E4D-90ED-D44910F4A79B}.SoloWSPresupuesto|x64.Build.0 = Release|Any CPU
		{DEC79FD2-E1E8-4E4D-90ED-D44910F4A79B}.SoloWSPresupuesto|x86.ActiveCfg = Release|Any CPU
		{DEC79FD2-E1E8-4E4D-90ED-D44910F4A79B}.SoloWSPresupuesto|x86.Build.0 = Release|Any CPU
		{DEC79FD2-E1E8-4E4D-90ED-D44910F4A79B}.SoloWSTesoreria|Any CPU.ActiveCfg = Release|Any CPU
		{DEC79FD2-E1E8-4E4D-90ED-D44910F4A79B}.SoloWSTesoreria|Any CPU.Build.0 = Release|Any CPU
		{DEC79FD2-E1E8-4E4D-90ED-D44910F4A79B}.SoloWSTesoreria|ARM.ActiveCfg = Release|Any CPU
		{DEC79FD2-E1E8-4E4D-90ED-D44910F4A79B}.SoloWSTesoreria|ARM.Build.0 = Release|Any CPU
		{DEC79FD2-E1E8-4E4D-90ED-D44910F4A79B}.SoloWSTesoreria|x64.ActiveCfg = Release|Any CPU
		{DEC79FD2-E1E8-4E4D-90ED-D44910F4A79B}.SoloWSTesoreria|x64.Build.0 = Release|Any CPU
		{DEC79FD2-E1E8-4E4D-90ED-D44910F4A79B}.SoloWSTesoreria|x86.ActiveCfg = Release|Any CPU
		{DEC79FD2-E1E8-4E4D-90ED-D44910F4A79B}.SoloWSTesoreria|x86.Build.0 = Release|Any CPU
		{15AE7B20-9C1D-41FA-B2C7-6C181A09B6E1}.Debug|Any CPU.ActiveCfg = Debug|Any CPU
		{15AE7B20-9C1D-41FA-B2C7-6C181A09B6E1}.Debug|Any CPU.Build.0 = Debug|Any CPU
		{15AE7B20-9C1D-41FA-B2C7-6C181A09B6E1}.Debug|ARM.ActiveCfg = Debug|Any CPU
		{15AE7B20-9C1D-41FA-B2C7-6C181A09B6E1}.Debug|ARM.Build.0 = Debug|Any CPU
		{15AE7B20-9C1D-41FA-B2C7-6C181A09B6E1}.Debug|x64.ActiveCfg = Debug|Any CPU
		{15AE7B20-9C1D-41FA-B2C7-6C181A09B6E1}.Debug|x64.Build.0 = Debug|Any CPU
		{15AE7B20-9C1D-41FA-B2C7-6C181A09B6E1}.Debug|x86.ActiveCfg = Debug|Any CPU
		{15AE7B20-9C1D-41FA-B2C7-6C181A09B6E1}.Debug|x86.Build.0 = Debug|Any CPU
		{15AE7B20-9C1D-41FA-B2C7-6C181A09B6E1}.DebuguearCaracteristicasRelease|Any CPU.ActiveCfg = Release|Any CPU
		{15AE7B20-9C1D-41FA-B2C7-6C181A09B6E1}.DebuguearCaracteristicasRelease|Any CPU.Build.0 = Release|Any CPU
		{15AE7B20-9C1D-41FA-B2C7-6C181A09B6E1}.DebuguearCaracteristicasRelease|ARM.ActiveCfg = Release|Any CPU
		{15AE7B20-9C1D-41FA-B2C7-6C181A09B6E1}.DebuguearCaracteristicasRelease|ARM.Build.0 = Release|Any CPU
		{15AE7B20-9C1D-41FA-B2C7-6C181A09B6E1}.DebuguearCaracteristicasRelease|x64.ActiveCfg = Release|Any CPU
		{15AE7B20-9C1D-41FA-B2C7-6C181A09B6E1}.DebuguearCaracteristicasRelease|x64.Build.0 = Release|Any CPU
		{15AE7B20-9C1D-41FA-B2C7-6C181A09B6E1}.DebuguearCaracteristicasRelease|x86.ActiveCfg = Release|Any CPU
		{15AE7B20-9C1D-41FA-B2C7-6C181A09B6E1}.DebuguearCaracteristicasRelease|x86.Build.0 = Release|Any CPU
		{15AE7B20-9C1D-41FA-B2C7-6C181A09B6E1}.Release|Any CPU.ActiveCfg = Release|Any CPU
		{15AE7B20-9C1D-41FA-B2C7-6C181A09B6E1}.Release|Any CPU.Build.0 = Release|Any CPU
		{15AE7B20-9C1D-41FA-B2C7-6C181A09B6E1}.Release|ARM.ActiveCfg = Release|Any CPU
		{15AE7B20-9C1D-41FA-B2C7-6C181A09B6E1}.Release|ARM.Build.0 = Release|Any CPU
		{15AE7B20-9C1D-41FA-B2C7-6C181A09B6E1}.Release|x64.ActiveCfg = Release|Any CPU
		{15AE7B20-9C1D-41FA-B2C7-6C181A09B6E1}.Release|x64.Build.0 = Release|Any CPU
		{15AE7B20-9C1D-41FA-B2C7-6C181A09B6E1}.Release|x86.ActiveCfg = Release|Any CPU
		{15AE7B20-9C1D-41FA-B2C7-6C181A09B6E1}.Release|x86.Build.0 = Release|Any CPU
		{15AE7B20-9C1D-41FA-B2C7-6C181A09B6E1}.SoloCliente|Any CPU.ActiveCfg = Release|Any CPU
		{15AE7B20-9C1D-41FA-B2C7-6C181A09B6E1}.SoloCliente|Any CPU.Build.0 = Release|Any CPU
		{15AE7B20-9C1D-41FA-B2C7-6C181A09B6E1}.SoloCliente|ARM.ActiveCfg = Release|Any CPU
		{15AE7B20-9C1D-41FA-B2C7-6C181A09B6E1}.SoloCliente|ARM.Build.0 = Release|Any CPU
		{15AE7B20-9C1D-41FA-B2C7-6C181A09B6E1}.SoloCliente|x64.ActiveCfg = Release|Any CPU
		{15AE7B20-9C1D-41FA-B2C7-6C181A09B6E1}.SoloCliente|x64.Build.0 = Release|Any CPU
		{15AE7B20-9C1D-41FA-B2C7-6C181A09B6E1}.SoloCliente|x86.ActiveCfg = Release|Any CPU
		{15AE7B20-9C1D-41FA-B2C7-6C181A09B6E1}.SoloCliente|x86.Build.0 = Release|Any CPU
		{15AE7B20-9C1D-41FA-B2C7-6C181A09B6E1}.SoloWSPresupuesto|Any CPU.ActiveCfg = Release|Any CPU
		{15AE7B20-9C1D-41FA-B2C7-6C181A09B6E1}.SoloWSPresupuesto|Any CPU.Build.0 = Release|Any CPU
		{15AE7B20-9C1D-41FA-B2C7-6C181A09B6E1}.SoloWSPresupuesto|ARM.ActiveCfg = Release|Any CPU
		{15AE7B20-9C1D-41FA-B2C7-6C181A09B6E1}.SoloWSPresupuesto|ARM.Build.0 = Release|Any CPU
		{15AE7B20-9C1D-41FA-B2C7-6C181A09B6E1}.SoloWSPresupuesto|x64.ActiveCfg = Release|Any CPU
		{15AE7B20-9C1D-41FA-B2C7-6C181A09B6E1}.SoloWSPresupuesto|x64.Build.0 = Release|Any CPU
		{15AE7B20-9C1D-41FA-B2C7-6C181A09B6E1}.SoloWSPresupuesto|x86.ActiveCfg = Release|Any CPU
		{15AE7B20-9C1D-41FA-B2C7-6C181A09B6E1}.SoloWSPresupuesto|x86.Build.0 = Release|Any CPU
		{15AE7B20-9C1D-41FA-B2C7-6C181A09B6E1}.SoloWSTesoreria|Any CPU.ActiveCfg = Release|Any CPU
		{15AE7B20-9C1D-41FA-B2C7-6C181A09B6E1}.SoloWSTesoreria|Any CPU.Build.0 = Release|Any CPU
		{15AE7B20-9C1D-41FA-B2C7-6C181A09B6E1}.SoloWSTesoreria|ARM.ActiveCfg = Release|Any CPU
		{15AE7B20-9C1D-41FA-B2C7-6C181A09B6E1}.SoloWSTesoreria|ARM.Build.0 = Release|Any CPU
		{15AE7B20-9C1D-41FA-B2C7-6C181A09B6E1}.SoloWSTesoreria|x64.ActiveCfg = Release|Any CPU
		{15AE7B20-9C1D-41FA-B2C7-6C181A09B6E1}.SoloWSTesoreria|x64.Build.0 = Release|Any CPU
		{15AE7B20-9C1D-41FA-B2C7-6C181A09B6E1}.SoloWSTesoreria|x86.ActiveCfg = Release|Any CPU
		{15AE7B20-9C1D-41FA-B2C7-6C181A09B6E1}.SoloWSTesoreria|x86.Build.0 = Release|Any CPU
		{1AE989BE-D604-48ED-B440-2AC27E221C28}.Debug|Any CPU.ActiveCfg = Debug|Any CPU
		{1AE989BE-D604-48ED-B440-2AC27E221C28}.Debug|Any CPU.Build.0 = Debug|Any CPU
		{1AE989BE-D604-48ED-B440-2AC27E221C28}.Debug|ARM.ActiveCfg = Debug|Any CPU
		{1AE989BE-D604-48ED-B440-2AC27E221C28}.Debug|ARM.Build.0 = Debug|Any CPU
		{1AE989BE-D604-48ED-B440-2AC27E221C28}.Debug|x64.ActiveCfg = Debug|Any CPU
		{1AE989BE-D604-48ED-B440-2AC27E221C28}.Debug|x64.Build.0 = Debug|Any CPU
		{1AE989BE-D604-48ED-B440-2AC27E221C28}.Debug|x86.ActiveCfg = Debug|Any CPU
		{1AE989BE-D604-48ED-B440-2AC27E221C28}.Debug|x86.Build.0 = Debug|Any CPU
		{1AE989BE-D604-48ED-B440-2AC27E221C28}.DebuguearCaracteristicasRelease|Any CPU.ActiveCfg = Release|Any CPU
		{1AE989BE-D604-48ED-B440-2AC27E221C28}.DebuguearCaracteristicasRelease|Any CPU.Build.0 = Release|Any CPU
		{1AE989BE-D604-48ED-B440-2AC27E221C28}.DebuguearCaracteristicasRelease|ARM.ActiveCfg = Release|Any CPU
		{1AE989BE-D604-48ED-B440-2AC27E221C28}.DebuguearCaracteristicasRelease|ARM.Build.0 = Release|Any CPU
		{1AE989BE-D604-48ED-B440-2AC27E221C28}.DebuguearCaracteristicasRelease|x64.ActiveCfg = Release|Any CPU
		{1AE989BE-D604-48ED-B440-2AC27E221C28}.DebuguearCaracteristicasRelease|x64.Build.0 = Release|Any CPU
		{1AE989BE-D604-48ED-B440-2AC27E221C28}.DebuguearCaracteristicasRelease|x86.ActiveCfg = Release|Any CPU
		{1AE989BE-D604-48ED-B440-2AC27E221C28}.DebuguearCaracteristicasRelease|x86.Build.0 = Release|Any CPU
		{1AE989BE-D604-48ED-B440-2AC27E221C28}.Release|Any CPU.ActiveCfg = Release|Any CPU
		{1AE989BE-D604-48ED-B440-2AC27E221C28}.Release|Any CPU.Build.0 = Release|Any CPU
		{1AE989BE-D604-48ED-B440-2AC27E221C28}.Release|ARM.ActiveCfg = Release|Any CPU
		{1AE989BE-D604-48ED-B440-2AC27E221C28}.Release|ARM.Build.0 = Release|Any CPU
		{1AE989BE-D604-48ED-B440-2AC27E221C28}.Release|x64.ActiveCfg = Release|Any CPU
		{1AE989BE-D604-48ED-B440-2AC27E221C28}.Release|x64.Build.0 = Release|Any CPU
		{1AE989BE-D604-48ED-B440-2AC27E221C28}.Release|x86.ActiveCfg = Release|Any CPU
		{1AE989BE-D604-48ED-B440-2AC27E221C28}.Release|x86.Build.0 = Release|Any CPU
		{1AE989BE-D604-48ED-B440-2AC27E221C28}.SoloCliente|Any CPU.ActiveCfg = Release|Any CPU
		{1AE989BE-D604-48ED-B440-2AC27E221C28}.SoloCliente|Any CPU.Build.0 = Release|Any CPU
		{1AE989BE-D604-48ED-B440-2AC27E221C28}.SoloCliente|ARM.ActiveCfg = Release|Any CPU
		{1AE989BE-D604-48ED-B440-2AC27E221C28}.SoloCliente|ARM.Build.0 = Release|Any CPU
		{1AE989BE-D604-48ED-B440-2AC27E221C28}.SoloCliente|x64.ActiveCfg = Release|Any CPU
		{1AE989BE-D604-48ED-B440-2AC27E221C28}.SoloCliente|x64.Build.0 = Release|Any CPU
		{1AE989BE-D604-48ED-B440-2AC27E221C28}.SoloCliente|x86.ActiveCfg = Release|Any CPU
		{1AE989BE-D604-48ED-B440-2AC27E221C28}.SoloCliente|x86.Build.0 = Release|Any CPU
		{1AE989BE-D604-48ED-B440-2AC27E221C28}.SoloWSPresupuesto|Any CPU.ActiveCfg = Release|Any CPU
		{1AE989BE-D604-48ED-B440-2AC27E221C28}.SoloWSPresupuesto|Any CPU.Build.0 = Release|Any CPU
		{1AE989BE-D604-48ED-B440-2AC27E221C28}.SoloWSPresupuesto|ARM.ActiveCfg = Release|Any CPU
		{1AE989BE-D604-48ED-B440-2AC27E221C28}.SoloWSPresupuesto|ARM.Build.0 = Release|Any CPU
		{1AE989BE-D604-48ED-B440-2AC27E221C28}.SoloWSPresupuesto|x64.ActiveCfg = Release|Any CPU
		{1AE989BE-D604-48ED-B440-2AC27E221C28}.SoloWSPresupuesto|x64.Build.0 = Release|Any CPU
		{1AE989BE-D604-48ED-B440-2AC27E221C28}.SoloWSPresupuesto|x86.ActiveCfg = Release|Any CPU
		{1AE989BE-D604-48ED-B440-2AC27E221C28}.SoloWSPresupuesto|x86.Build.0 = Release|Any CPU
		{1AE989BE-D604-48ED-B440-2AC27E221C28}.SoloWSTesoreria|Any CPU.ActiveCfg = Release|Any CPU
		{1AE989BE-D604-48ED-B440-2AC27E221C28}.SoloWSTesoreria|Any CPU.Build.0 = Release|Any CPU
		{1AE989BE-D604-48ED-B440-2AC27E221C28}.SoloWSTesoreria|ARM.ActiveCfg = Release|Any CPU
		{1AE989BE-D604-48ED-B440-2AC27E221C28}.SoloWSTesoreria|ARM.Build.0 = Release|Any CPU
		{1AE989BE-D604-48ED-B440-2AC27E221C28}.SoloWSTesoreria|x64.ActiveCfg = Release|Any CPU
		{1AE989BE-D604-48ED-B440-2AC27E221C28}.SoloWSTesoreria|x64.Build.0 = Release|Any CPU
		{1AE989BE-D604-48ED-B440-2AC27E221C28}.SoloWSTesoreria|x86.ActiveCfg = Release|Any CPU
		{1AE989BE-D604-48ED-B440-2AC27E221C28}.SoloWSTesoreria|x86.Build.0 = Release|Any CPU
		{DB81988F-E0F2-45A0-A1FD-8C37F3D35244}.Debug|Any CPU.ActiveCfg = Debug|Any CPU
		{DB81988F-E0F2-45A0-A1FD-8C37F3D35244}.Debug|Any CPU.Build.0 = Debug|Any CPU
		{DB81988F-E0F2-45A0-A1FD-8C37F3D35244}.Debug|ARM.ActiveCfg = Debug|Any CPU
		{DB81988F-E0F2-45A0-A1FD-8C37F3D35244}.Debug|ARM.Build.0 = Debug|Any CPU
		{DB81988F-E0F2-45A0-A1FD-8C37F3D35244}.Debug|x64.ActiveCfg = Debug|Any CPU
		{DB81988F-E0F2-45A0-A1FD-8C37F3D35244}.Debug|x64.Build.0 = Debug|Any CPU
		{DB81988F-E0F2-45A0-A1FD-8C37F3D35244}.Debug|x86.ActiveCfg = Debug|Any CPU
		{DB81988F-E0F2-45A0-A1FD-8C37F3D35244}.Debug|x86.Build.0 = Debug|Any CPU
		{DB81988F-E0F2-45A0-A1FD-8C37F3D35244}.DebuguearCaracteristicasRelease|Any CPU.ActiveCfg = Release|Any CPU
		{DB81988F-E0F2-45A0-A1FD-8C37F3D35244}.DebuguearCaracteristicasRelease|Any CPU.Build.0 = Release|Any CPU
		{DB81988F-E0F2-45A0-A1FD-8C37F3D35244}.DebuguearCaracteristicasRelease|ARM.ActiveCfg = Release|Any CPU
		{DB81988F-E0F2-45A0-A1FD-8C37F3D35244}.DebuguearCaracteristicasRelease|ARM.Build.0 = Release|Any CPU
		{DB81988F-E0F2-45A0-A1FD-8C37F3D35244}.DebuguearCaracteristicasRelease|x64.ActiveCfg = Release|Any CPU
		{DB81988F-E0F2-45A0-A1FD-8C37F3D35244}.DebuguearCaracteristicasRelease|x64.Build.0 = Release|Any CPU
		{DB81988F-E0F2-45A0-A1FD-8C37F3D35244}.DebuguearCaracteristicasRelease|x86.ActiveCfg = Release|Any CPU
		{DB81988F-E0F2-45A0-A1FD-8C37F3D35244}.DebuguearCaracteristicasRelease|x86.Build.0 = Release|Any CPU
		{DB81988F-E0F2-45A0-A1FD-8C37F3D35244}.Release|Any CPU.ActiveCfg = Release|Any CPU
		{DB81988F-E0F2-45A0-A1FD-8C37F3D35244}.Release|Any CPU.Build.0 = Release|Any CPU
		{DB81988F-E0F2-45A0-A1FD-8C37F3D35244}.Release|ARM.ActiveCfg = Release|Any CPU
		{DB81988F-E0F2-45A0-A1FD-8C37F3D35244}.Release|ARM.Build.0 = Release|Any CPU
		{DB81988F-E0F2-45A0-A1FD-8C37F3D35244}.Release|x64.ActiveCfg = Release|Any CPU
		{DB81988F-E0F2-45A0-A1FD-8C37F3D35244}.Release|x64.Build.0 = Release|Any CPU
		{DB81988F-E0F2-45A0-A1FD-8C37F3D35244}.Release|x86.ActiveCfg = Release|Any CPU
		{DB81988F-E0F2-45A0-A1FD-8C37F3D35244}.Release|x86.Build.0 = Release|Any CPU
		{DB81988F-E0F2-45A0-A1FD-8C37F3D35244}.SoloCliente|Any CPU.ActiveCfg = Release|Any CPU
		{DB81988F-E0F2-45A0-A1FD-8C37F3D35244}.SoloCliente|Any CPU.Build.0 = Release|Any CPU
		{DB81988F-E0F2-45A0-A1FD-8C37F3D35244}.SoloCliente|ARM.ActiveCfg = Release|Any CPU
		{DB81988F-E0F2-45A0-A1FD-8C37F3D35244}.SoloCliente|ARM.Build.0 = Release|Any CPU
		{DB81988F-E0F2-45A0-A1FD-8C37F3D35244}.SoloCliente|x64.ActiveCfg = Release|Any CPU
		{DB81988F-E0F2-45A0-A1FD-8C37F3D35244}.SoloCliente|x64.Build.0 = Release|Any CPU
		{DB81988F-E0F2-45A0-A1FD-8C37F3D35244}.SoloCliente|x86.ActiveCfg = Release|Any CPU
		{DB81988F-E0F2-45A0-A1FD-8C37F3D35244}.SoloCliente|x86.Build.0 = Release|Any CPU
		{DB81988F-E0F2-45A0-A1FD-8C37F3D35244}.SoloWSPresupuesto|Any CPU.ActiveCfg = Release|Any CPU
		{DB81988F-E0F2-45A0-A1FD-8C37F3D35244}.SoloWSPresupuesto|Any CPU.Build.0 = Release|Any CPU
		{DB81988F-E0F2-45A0-A1FD-8C37F3D35244}.SoloWSPresupuesto|ARM.ActiveCfg = Release|Any CPU
		{DB81988F-E0F2-45A0-A1FD-8C37F3D35244}.SoloWSPresupuesto|ARM.Build.0 = Release|Any CPU
		{DB81988F-E0F2-45A0-A1FD-8C37F3D35244}.SoloWSPresupuesto|x64.ActiveCfg = Release|Any CPU
		{DB81988F-E0F2-45A0-A1FD-8C37F3D35244}.SoloWSPresupuesto|x64.Build.0 = Release|Any CPU
		{DB81988F-E0F2-45A0-A1FD-8C37F3D35244}.SoloWSPresupuesto|x86.ActiveCfg = Release|Any CPU
		{DB81988F-E0F2-45A0-A1FD-8C37F3D35244}.SoloWSPresupuesto|x86.Build.0 = Release|Any CPU
		{DB81988F-E0F2-45A0-A1FD-8C37F3D35244}.SoloWSTesoreria|Any CPU.ActiveCfg = Release|Any CPU
		{DB81988F-E0F2-45A0-A1FD-8C37F3D35244}.SoloWSTesoreria|Any CPU.Build.0 = Release|Any CPU
		{DB81988F-E0F2-45A0-A1FD-8C37F3D35244}.SoloWSTesoreria|ARM.ActiveCfg = Release|Any CPU
		{DB81988F-E0F2-45A0-A1FD-8C37F3D35244}.SoloWSTesoreria|ARM.Build.0 = Release|Any CPU
		{DB81988F-E0F2-45A0-A1FD-8C37F3D35244}.SoloWSTesoreria|x64.ActiveCfg = Release|Any CPU
		{DB81988F-E0F2-45A0-A1FD-8C37F3D35244}.SoloWSTesoreria|x64.Build.0 = Release|Any CPU
		{DB81988F-E0F2-45A0-A1FD-8C37F3D35244}.SoloWSTesoreria|x86.ActiveCfg = Release|Any CPU
		{DB81988F-E0F2-45A0-A1FD-8C37F3D35244}.SoloWSTesoreria|x86.Build.0 = Release|Any CPU
	EndGlobalSection
	GlobalSection(SolutionProperties) = preSolution
		HideSolutionNode = FALSE
	EndGlobalSection
	GlobalSection(ExtensibilityGlobals) = postSolution
		SolutionGuid = {B1BBF2BC-5253-4DC5-86C2-5779428C6728}
	EndGlobalSection
EndGlobal
